
Microsoft Visual Studio Solution File, Format Version 12.00
# Visual Studio Version 17
VisualStudioVersion = 17.0.31903.59
MinimumVisualStudioVersion = 10.0.40219.1
Project("{FAE04EC0-301F-11D3-BF4B-00C04F79EFBC}") = "BalatroSaveToolkit", "BalatroSaveToolkit\BalatroSaveToolkit.csproj", "{0F126A93-AF32-4528-B0A6-79B73200E750}"
EndProject
Project("{FAE04EC0-301F-11D3-BF4B-00C04F79EFBC}") = "BalatroSaveToolkit.Core", "BalatroSaveToolkit.Core\BalatroSaveToolkit.Core.csproj", "{2BCBCAF0-1D86-4C16-9722-69CFB5410C1E}"
EndProject
Project("{FAE04EC0-301F-11D3-BF4B-00C04F79EFBC}") = "BalatroSaveToolkit.Services", "BalatroSaveToolkit.Services\BalatroSaveToolkit.Services.csproj", "{0D2DE02C-E8E6-45A8-A58E-CE6872B9ED41}"
EndProject
Project("{FAE04EC0-301F-11D3-BF4B-00C04F79EFBC}") = "BalatroSaveToolkit.Tests", "BalatroSaveToolkit.Tests\BalatroSaveToolkit.Tests.csproj", "{423FBD11-F718-4F8F-AC6D-5C40411B1996}"
EndProject
Global
	GlobalSection(SolutionConfigurationPlatforms) = preSolution
		Debug|Any CPU = Debug|Any CPU
		Release|Any CPU = Release|Any CPU
	EndGlobalSection
	GlobalSection(SolutionProperties) = preSolution
		HideSolutionNode = FALSE
	EndGlobalSection
	GlobalSection(ProjectConfigurationPlatforms) = postSolution
		{0F126A93-AF32-4528-B0A6-79B73200E750}.Debug|Any CPU.ActiveCfg = Debug|Any CPU
		{0F126A93-AF32-4528-B0A6-79B73200E750}.Debug|Any CPU.Build.0 = Debug|Any CPU
		{0F126A93-AF32-4528-B0A6-79B73200E750}.Release|Any CPU.ActiveCfg = Release|Any CPU
		{0F126A93-AF32-4528-B0A6-79B73200E750}.Release|Any CPU.Build.0 = Release|Any CPU
		{2BCBCAF0-1D86-4C16-9722-69CFB5410C1E}.Debug|Any CPU.ActiveCfg = Debug|Any CPU
		{2BCBCAF0-1D86-4C16-9722-69CFB5410C1E}.Debug|Any CPU.Build.0 = Debug|Any CPU
		{2BCBCAF0-1D86-4C16-9722-69CFB5410C1E}.Release|Any CPU.ActiveCfg = Release|Any CPU
		{2BCBCAF0-1D86-4C16-9722-69CFB5410C1E}.Release|Any CPU.Build.0 = Release|Any CPU
		{0D2DE02C-E8E6-45A8-A58E-CE6872B9ED41}.Debug|Any CPU.ActiveCfg = Debug|Any CPU
		{0D2DE02C-E8E6-45A8-A58E-CE6872B9ED41}.Debug|Any CPU.Build.0 = Debug|Any CPU
		{0D2DE02C-E8E6-45A8-A58E-CE6872B9ED41}.Release|Any CPU.ActiveCfg = Release|Any CPU
		{0D2DE02C-E8E6-45A8-A58E-CE6872B9ED41}.Release|Any CPU.Build.0 = Release|Any CPU
		{423FBD11-F718-4F8F-AC6D-5C40411B1996}.Debug|Any CPU.ActiveCfg = Debug|Any CPU
		{423FBD11-F718-4F8F-AC6D-5C40411B1996}.Debug|Any CPU.Build.0 = Debug|Any CPU
		{423FBD11-F718-4F8F-AC6D-5C40411B1996}.Release|Any CPU.ActiveCfg = Release|Any CPU
		{423FBD11-F718-4F8F-AC6D-5C40411B1996}.Release|Any CPU.Build.0 = Release|Any CPU
	EndGlobalSection
EndGlobal
